{
  "name": "nextjs-shared",
  "version": "1.0.0",
  "lockfileVersion": 1,
  "requires": true,
  "dependencies": {
    "@module-federation/nextjs-mf": {
      "version": "6.0.4",
      "resolved": "https://registry.npmjs.org/@module-federation/nextjs-mf/-/nextjs-mf-6.0.4.tgz",
      "integrity": "sha512-86A1bH8PtsObzdwrDOboEgMvnP+zHl0KVkDZ7WWQzowTJ6Up+hEqN0uIGELDYxsUSKlwnzdtA+vzmkYWWacAtw==",
      "requires": {
        "@module-federation/node": "0.10.1",
        "@module-federation/utilities": "1.1.1",
        "@swc/core": "1.3.3",
        "eventemitter3": "^4.0.7",
        "fast-glob": "^3.2.11",
        "node-fetch": "2.6.7",
        "styled-jsx": "5.1.0",
        "tslib": "2.4.0",
        "webpack-sources": "^3.2.3"
      }
    },
    "@module-federation/node": {
      "version": "0.10.1",
      "resolved": "https://registry.npmjs.org/@module-federation/node/-/node-0.10.1.tgz",
      "integrity": "sha512-/+9aMQ51ZZl4Z7guVxMNynEU72sOd9evlYvZ2g3JC3tHRusf6m5KfEEDwS/A33oF23ECnYLB0W34UljS1QCofA==",
      "requires": {
        "@module-federation/utilities": "1.1.1",
        "encoding": "^0.1.13",
        "next": "^12 || ^13",
        "node-fetch": "^2.6.7",
        "react": "^17 || ^18",
        "tslib": "2.4.0"
      }
    },
    "@module-federation/utilities": {
      "version": "1.1.1",
      "resolved": "https://registry.npmjs.org/@module-federation/utilities/-/utilities-1.1.1.tgz",
      "integrity": "sha512-OD74llw8bRiNiDub8dJ619z68Ph9Dx8Pjnsfhy2gs22l5g+2HHkSmdOFcz2jBjyKl/IfcK/sH7u4plPAvnZTrQ==",
      "requires": {
        "next": "^12 || ^13",
        "react": "^17 || ^18",
        "tslib": "2.4.0"
      }
    },
    "@next/env": {
      "version": "13.1.2",
      "resolved": "https://registry.npmjs.org/@next/env/-/env-13.1.2.tgz",
      "integrity": "sha512-PpT4UZIX66VMTqXt4HKEJ+/PwbS+tWmmhZlazaws1a+dbUA5pPdjntQ46Jvj616i3ZKN9doS9LHx3y50RLjAWg==",
      "optional": true
    },
    "@next/swc-android-arm-eabi": {
      "version": "13.1.2",
      "resolved": "https://registry.npmjs.org/@next/swc-android-arm-eabi/-/swc-android-arm-eabi-13.1.2.tgz",
      "integrity": "sha512-7mRz1owoGsbfIcdOJA3kk7KEwPZ+OvVT1z9DkR/yru4QdVLF69h/1SHy0vlUNQMxDRllabhxCfkoZCB34GOGAg==",
      "optional": true
    },
    "@next/swc-android-arm64": {
      "version": "13.1.2",
      "resolved": "https://registry.npmjs.org/@next/swc-android-arm64/-/swc-android-arm64-13.1.2.tgz",
      "integrity": "sha512-mgjZ2eJSayovQm1LcE54BLSI4jjnnnLtq5GY5g+DdPuUiCT644gKtjZ/w2BQvuIecCqqBO+Ph9yzo/wUTq7NLg==",
      "optional": true
    },
    "@next/swc-darwin-arm64": {
      "version": "13.1.2",
      "resolved": "https://registry.npmjs.org/@next/swc-darwin-arm64/-/swc-darwin-arm64-13.1.2.tgz",
      "integrity": "sha512-RikoQqy109r2222UJlyGs4dZw2BibkfPqpeFdW5JEGv+L2PStlHID8DwyVYbmHfQ0VIBGvbf/NAUtFakAWlhwg==",
      "optional": true
    },
    "@next/swc-darwin-x64": {
      "version": "13.1.2",
      "resolved": "https://registry.npmjs.org/@next/swc-darwin-x64/-/swc-darwin-x64-13.1.2.tgz",
      "integrity": "sha512-JbDZjaTvL8gyPC5TAH6OnD4jmXPkyUxRYPvu08ZmhT/XAFBb/Cso0BdXyDax/BPCG70mimP9d3hXNKNq+A0VtQ==",
      "optional": true
    },
    "@next/swc-freebsd-x64": {
      "version": "13.1.2",
      "resolved": "https://registry.npmjs.org/@next/swc-freebsd-x64/-/swc-freebsd-x64-13.1.2.tgz",
      "integrity": "sha512-ax4j8VrdFQ/xc3W7Om0u1vnDxVApQHKsChBbAMynCrnycZmpbqK4MZu4ZkycT+mx2eccCiqZROpbzDbEdPosEw==",
      "optional": true
    },
    "@next/swc-linux-arm-gnueabihf": {
      "version": "13.1.2",
      "resolved": "https://registry.npmjs.org/@next/swc-linux-arm-gnueabihf/-/swc-linux-arm-gnueabihf-13.1.2.tgz",
      "integrity": "sha512-NcRHTesnCxnUvSJa637PQJffBBkmqi5XS/xVWGY7dI6nyJ+pC96Oj7kd+mcjnFUQI5lHKbg39qBWKtOzbezc4w==",
      "optional": true
    },
    "@next/swc-linux-arm64-gnu": {
      "version": "13.1.2",
      "resolved": "https://registry.npmjs.org/@next/swc-linux-arm64-gnu/-/swc-linux-arm64-gnu-13.1.2.tgz",
      "integrity": "sha512-AxJdjocLtPrsBY4P2COSBIc3crT5bpjgGenNuINoensOlXhBkYM0aRDYZdydwXOhG+kN2ngUvfgitop9pa204w==",
      "optional": true
    },
    "@next/swc-linux-arm64-musl": {
      "version": "13.1.2",
      "resolved": "https://registry.npmjs.org/@next/swc-linux-arm64-musl/-/swc-linux-arm64-musl-13.1.2.tgz",
      "integrity": "sha512-JmNimDkcCRq7P5zpkdqeaSZ69qKDntEPtyIaMNWqy5M0WUJxGim0Fs6Qzxayiyvuuh9Guxks4woQ/j/ZvX/c8Q==",
      "optional": true
    },
    "@next/swc-linux-x64-gnu": {
      "version": "13.1.2",
      "resolved": "https://registry.npmjs.org/@next/swc-linux-x64-gnu/-/swc-linux-x64-gnu-13.1.2.tgz",
      "integrity": "sha512-TsLsjZwUlgmvI42neTuIoD6K9RlXCUzqPtvIClgXxVO0um0DiZwK+M+0zX/uVXhMVphfPY2c5YeR1zFSIONY4A==",
      "optional": true
    },
    "@next/swc-linux-x64-musl": {
      "version": "13.1.2",
      "resolved": "https://registry.npmjs.org/@next/swc-linux-x64-musl/-/swc-linux-x64-musl-13.1.2.tgz",
      "integrity": "sha512-eSkyXgCXydEFPTkcncQOGepafedPte6JT/OofB9uvruucrrMVBagCASOuPxodWEMrlfEKSXVnExMKIlfmQMD7A==",
      "optional": true
    },
    "@next/swc-win32-arm64-msvc": {
      "version": "13.1.2",
      "resolved": "https://registry.npmjs.org/@next/swc-win32-arm64-msvc/-/swc-win32-arm64-msvc-13.1.2.tgz",
      "integrity": "sha512-DmXFaRTgt2KrV9dmRLifDJE+cYiutHVFIw5/C9BtnwXH39uf3YbPxeD98vNrtqqqZVVLXY/1ySaSIwzYnqeY9g==",
      "optional": true
    },
    "@next/swc-win32-ia32-msvc": {
      "version": "13.1.2",
      "resolved": "https://registry.npmjs.org/@next/swc-win32-ia32-msvc/-/swc-win32-ia32-msvc-13.1.2.tgz",
      "integrity": "sha512-3+nBkuFs/wT+lmRVQNH5SyDT7I4vUlNPntosEaEP63FuYQdPLaxz0GvcR66MdFSFh2fsvazpe4wciOwVS4FItQ==",
      "optional": true
    },
    "@next/swc-win32-x64-msvc": {
      "version": "13.1.2",
      "resolved": "https://registry.npmjs.org/@next/swc-win32-x64-msvc/-/swc-win32-x64-msvc-13.1.2.tgz",
      "integrity": "sha512-avsyveEvcvH42PvKjR4Pb8JlLttuGURr2H3ZhS2b85pHOiZ7yjH3rMUoGnNzuLMApyxYaCvd4MedPrLhnNhkog==",
      "optional": true
    },
    "@nodelib/fs.scandir": {
      "version": "2.1.5",
      "resolved": "https://registry.npmjs.org/@nodelib/fs.scandir/-/fs.scandir-2.1.5.tgz",
      "integrity": "sha512-vq24Bq3ym5HEQm2NKCr3yXDwjc7vTsEThRDnkp2DK9p1uqLR+DHurm/NOTo0KG7HYHU7eppKZj3MyqYuMBf62g==",
      "requires": {
        "@nodelib/fs.stat": "2.0.5",
        "run-parallel": "^1.1.9"
      }
    },
    "@nodelib/fs.stat": {
      "version": "2.0.5",
      "resolved": "https://registry.npmjs.org/@nodelib/fs.stat/-/fs.stat-2.0.5.tgz",
      "integrity": "sha512-RkhPPp2zrqDAQA/2jNhnztcPAlv64XdhIp7a7454A5ovI7Bukxgt7MX7udwAu3zg1DcpPU0rz3VV1SeaqvY4+A=="
    },
    "@nodelib/fs.walk": {
      "version": "1.2.8",
      "resolved": "https://registry.npmjs.org/@nodelib/fs.walk/-/fs.walk-1.2.8.tgz",
      "integrity": "sha512-oGB+UxlgWcgQkgwo8GcEGwemoTFt3FIO9ababBmaGwXIoBKZ+GTy0pP185beGg7Llih/NSHSV2XAs1lnznocSg==",
      "requires": {
        "@nodelib/fs.scandir": "2.1.5",
        "fastq": "^1.6.0"
      }
    },
    "@swc/core": {
      "version": "1.3.3",
      "resolved": "https://registry.npmjs.org/@swc/core/-/core-1.3.3.tgz",
      "integrity": "sha512-OGx3Qpw+czNSaea1ojP2X2wxrGtYicQxH1QnzX4F3rXGEcSUFIllmrae6iJHW91zS4SNcOocnQoRz1IYnrILYw==",
      "requires": {
        "@swc/core-android-arm-eabi": "1.3.3",
        "@swc/core-android-arm64": "1.3.3",
        "@swc/core-darwin-arm64": "1.3.3",
        "@swc/core-darwin-x64": "1.3.3",
        "@swc/core-freebsd-x64": "1.3.3",
        "@swc/core-linux-arm-gnueabihf": "1.3.3",
        "@swc/core-linux-arm64-gnu": "1.3.3",
        "@swc/core-linux-arm64-musl": "1.3.3",
        "@swc/core-linux-x64-gnu": "1.3.3",
        "@swc/core-linux-x64-musl": "1.3.3",
        "@swc/core-win32-arm64-msvc": "1.3.3",
        "@swc/core-win32-ia32-msvc": "1.3.3",
        "@swc/core-win32-x64-msvc": "1.3.3"
      }
    },
    "@swc/core-android-arm-eabi": {
      "version": "1.3.3",
      "resolved": "https://registry.npmjs.org/@swc/core-android-arm-eabi/-/core-android-arm-eabi-1.3.3.tgz",
      "integrity": "sha512-R6MpKXvNx/T/8a0wUTiX1THxfRbURSCmYlSi/JnUaqLYUclQK1N8aCMWz7EYSz6FE0VZBREJYDJcdnfP88E/1Q==",
      "optional": true,
      "requires": {
        "@swc/wasm": "1.2.122"
      }
    },
    "@swc/core-android-arm64": {
      "version": "1.3.3",
      "resolved": "https://registry.npmjs.org/@swc/core-android-arm64/-/core-android-arm64-1.3.3.tgz",
      "integrity": "sha512-yZlku4ypVKykwHTS8CETxw2PH23UBeM6VhNB8efF4A4gVWtRZjv1PfjsSqh/X0vjgVTrs2zSaQ+eF6GLVbWrgA==",
      "optional": true,
      "requires": {
        "@swc/wasm": "1.2.130"
      },
      "dependencies": {
        "@swc/wasm": {
          "version": "1.2.130",
          "resolved": "https://registry.npmjs.org/@swc/wasm/-/wasm-1.2.130.tgz",
          "integrity": "sha512-rNcJsBxS70+pv8YUWwf5fRlWX6JoY/HJc25HD/F8m6Kv7XhJdqPPMhyX6TKkUBPAG7TWlZYoxa+rHAjPy4Cj3Q==",
          "optional": true
        }
      }
    },
    "@swc/core-darwin-arm64": {
      "version": "1.3.3",
      "resolved": "https://registry.npmjs.org/@swc/core-darwin-arm64/-/core-darwin-arm64-1.3.3.tgz",
      "integrity": "sha512-/T8vyikY7t/be6bHd1D9J/bmXYMDMkBo9NA3auDT/hmouzawhJ6E7OqRE4HLuLTflnRw8WmEWgpeRIzMHvNjBQ==",
      "optional": true
    },
    "@swc/core-darwin-x64": {
      "version": "1.3.3",
      "resolved": "https://registry.npmjs.org/@swc/core-darwin-x64/-/core-darwin-x64-1.3.3.tgz",
      "integrity": "sha512-hw4o1If986In5m3y3/OimgiBKJh49kbTG9MRWo8msqTic2aBlrtfHjSecMn1g+oP7pdaUUCTkovmT7OpvvQ/Tw==",
      "optional": true
    },
    "@swc/core-freebsd-x64": {
      "version": "1.3.3",
      "resolved": "https://registry.npmjs.org/@swc/core-freebsd-x64/-/core-freebsd-x64-1.3.3.tgz",
      "integrity": "sha512-JFDu3uLa0WMw77o+QNR5D1uErQ5s18HmEwJr5ndOQoDlS+XO2qUG6AxU5LdwLEl5qMf2C99t7gkfzcCZG1PRsw==",
      "optional": true,
      "requires": {
        "@swc/wasm": "1.2.130"
      },
      "dependencies": {
        "@swc/wasm": {
          "version": "1.2.130",
          "resolved": "https://registry.npmjs.org/@swc/wasm/-/wasm-1.2.130.tgz",
          "integrity": "sha512-rNcJsBxS70+pv8YUWwf5fRlWX6JoY/HJc25HD/F8m6Kv7XhJdqPPMhyX6TKkUBPAG7TWlZYoxa+rHAjPy4Cj3Q==",
          "optional": true
        }
      }
    },
    "@swc/core-linux-arm-gnueabihf": {
      "version": "1.3.3",
      "resolved": "https://registry.npmjs.org/@swc/core-linux-arm-gnueabihf/-/core-linux-arm-gnueabihf-1.3.3.tgz",
      "integrity": "sha512-kJoyNP/ury9KmZnjhpj0QApY6VxC9S4hkgsycm8yTJ23O8WrUbgeDOlgAgFJNyHszhR5CnlssDv7ErCwMZtkgw==",
      "optional": true,
      "requires": {
        "@swc/wasm": "1.2.130"
      },
      "dependencies": {
        "@swc/wasm": {
          "version": "1.2.130",
          "resolved": "https://registry.npmjs.org/@swc/wasm/-/wasm-1.2.130.tgz",
          "integrity": "sha512-rNcJsBxS70+pv8YUWwf5fRlWX6JoY/HJc25HD/F8m6Kv7XhJdqPPMhyX6TKkUBPAG7TWlZYoxa+rHAjPy4Cj3Q==",
          "optional": true
        }
      }
    },
    "@swc/core-linux-arm64-gnu": {
      "version": "1.3.3",
      "resolved": "https://registry.npmjs.org/@swc/core-linux-arm64-gnu/-/core-linux-arm64-gnu-1.3.3.tgz",
      "integrity": "sha512-Y+10o78O2snKnrNTbasT9S3Out0wlOyAkLZvq5zqzW1cz2K2Yzm04zQdKQOCRHlfTF0XSmZ++qRWVNol49WsNA==",
      "optional": true
    },
    "@swc/core-linux-arm64-musl": {
      "version": "1.3.3",
      "resolved": "https://registry.npmjs.org/@swc/core-linux-arm64-musl/-/core-linux-arm64-musl-1.3.3.tgz",
      "integrity": "sha512-y6ErPP6Sk0f8exoanUxXeFALvPraTjyoVr8pitpfTqoUd9YcxwOTpPbR5WXI3FWnQ7GS86iH0LvaFDCgHQ1fjg==",
      "optional": true
    },
    "@swc/core-linux-x64-gnu": {
      "version": "1.3.3",
      "resolved": "https://registry.npmjs.org/@swc/core-linux-x64-gnu/-/core-linux-x64-gnu-1.3.3.tgz",
      "integrity": "sha512-sqyvNJkPHKHlK/XLIoMNLiux8YxsCJpAk3UreS0NO+sRNRru2AMyrRwX6wxmnJybhEek9SPKF0pXi+GfcaFKYA==",
      "optional": true
    },
    "@swc/core-linux-x64-musl": {
      "version": "1.3.3",
      "resolved": "https://registry.npmjs.org/@swc/core-linux-x64-musl/-/core-linux-x64-musl-1.3.3.tgz",
      "integrity": "sha512-5fjwHdMv+DOgEp7sdNVmvS4Hr2rDaewa0BpDW8RefcjHoJnDpFVButLDMkwv/Yd+v4YN+99kyX/lOI+/OTD99w==",
      "optional": true
    },
    "@swc/core-win32-arm64-msvc": {
      "version": "1.3.3",
      "resolved": "https://registry.npmjs.org/@swc/core-win32-arm64-msvc/-/core-win32-arm64-msvc-1.3.3.tgz",
      "integrity": "sha512-JxcfG89GieqCFXkRl/mtFds/ME6ncEtLRIQ0+RBIREIGisA9ZgJ8EryBzGZyPu5+7kE0vXGVB6A2cfrv4SNW4A==",
      "optional": true,
      "requires": {
        "@swc/wasm": "1.2.130"
      },
      "dependencies": {
        "@swc/wasm": {
          "version": "1.2.130",
          "resolved": "https://registry.npmjs.org/@swc/wasm/-/wasm-1.2.130.tgz",
          "integrity": "sha512-rNcJsBxS70+pv8YUWwf5fRlWX6JoY/HJc25HD/F8m6Kv7XhJdqPPMhyX6TKkUBPAG7TWlZYoxa+rHAjPy4Cj3Q==",
          "optional": true
        }
      }
    },
    "@swc/core-win32-ia32-msvc": {
      "version": "1.3.3",
      "resolved": "https://registry.npmjs.org/@swc/core-win32-ia32-msvc/-/core-win32-ia32-msvc-1.3.3.tgz",
      "integrity": "sha512-yqZjTn5V7wYCxMCC5Rg8u87SmGeRSlqYAafHL3IgiFe8hSxOykc2dR1MYNc4WZumYiMlU15VSa6mW8A0pj37FA==",
      "optional": true,
      "requires": {
        "@swc/wasm": "1.2.130"
      },
      "dependencies": {
        "@swc/wasm": {
          "version": "1.2.130",
          "resolved": "https://registry.npmjs.org/@swc/wasm/-/wasm-1.2.130.tgz",
          "integrity": "sha512-rNcJsBxS70+pv8YUWwf5fRlWX6JoY/HJc25HD/F8m6Kv7XhJdqPPMhyX6TKkUBPAG7TWlZYoxa+rHAjPy4Cj3Q==",
          "optional": true
        }
      }
    },
    "@swc/core-win32-x64-msvc": {
      "version": "1.3.3",
      "resolved": "https://registry.npmjs.org/@swc/core-win32-x64-msvc/-/core-win32-x64-msvc-1.3.3.tgz",
      "integrity": "sha512-CIuxz9wiHkgG7m3kjgptgO3iHOmrybvLf0rUNGbVTTHwTcrpjznAnS/MnMPiaIQPlxz70KSXAR2QJjw7fGtfbA==",
      "optional": true
    },
    "@swc/helpers": {
      "version": "0.4.14",
      "resolved": "https://registry.npmjs.org/@swc/helpers/-/helpers-0.4.14.tgz",
      "integrity": "sha512-4C7nX/dvpzB7za4Ql9K81xK3HPxCpHMgwTZVyf+9JQ6VUbn9jjZVN7/Nkdz/Ugzs2CSjqnL/UPXroiVBVHUWUw==",
      "optional": true,
      "requires": {
        "tslib": "^2.4.0"
      }
    },
    "@swc/wasm": {
      "version": "1.2.122",
      "resolved": "https://registry.npmjs.org/@swc/wasm/-/wasm-1.2.122.tgz",
      "integrity": "sha512-sM1VCWQxmNhFtdxME+8UXNyPNhxNu7zdb6ikWpz0YKAQQFRGT5ThZgJrubEpah335SUToNg8pkdDF7ibVCjxbQ==",
      "optional": true
    },
    "braces": {
      "version": "3.0.2",
      "resolved": "https://registry.npmjs.org/braces/-/braces-3.0.2.tgz",
      "integrity": "sha512-b8um+L1RzM3WDSzvhm6gIz1yfTbBt6YTlcEKAvsmqCZZFw46z626lVj9j1yEPW33H5H+lBQpZMP1k8l+78Ha0A==",
      "requires": {
        "fill-range": "^7.0.1"
      }
    },
    "caniuse-lite": {
      "version": "1.0.30001445",
      "resolved": "https://registry.npmjs.org/caniuse-lite/-/caniuse-lite-1.0.30001445.tgz",
      "integrity": "sha512-8sdQIdMztYmzfTMO6KfLny878Ln9c2M0fc7EH60IjlP4Dc4PiCy7K2Vl3ITmWgOyPgVQKa5x+UP/KqFsxj4mBg==",
      "optional": true
    },
    "client-only": {
      "version": "0.0.1",
      "resolved": "https://registry.npmjs.org/client-only/-/client-only-0.0.1.tgz",
      "integrity": "sha512-IV3Ou0jSMzZrd3pZ48nLkT9DA7Ag1pnPzaiQhpW7c3RbcqqzvzzVu+L8gfqMp/8IM2MQtSiqaCxrrcfu8I8rMA=="
    },
    "encoding": {
      "version": "0.1.13",
      "resolved": "https://registry.npmjs.org/encoding/-/encoding-0.1.13.tgz",
      "integrity": "sha512-ETBauow1T35Y/WZMkio9jiM0Z5xjHHmJ4XmjZOq1l/dXz3lr2sRn87nJy20RupqSh1F2m3HHPSp8ShIPQJrJ3A==",
      "requires": {
        "iconv-lite": "^0.6.2"
      }
    },
    "eventemitter3": {
      "version": "4.0.7",
      "resolved": "https://registry.npmjs.org/eventemitter3/-/eventemitter3-4.0.7.tgz",
      "integrity": "sha512-8guHBZCwKnFhYdHr2ysuRWErTwhoN2X8XELRlrRwpmfeY2jjuUN4taQMsULKUVo1K4DvZl+0pgfyoysHxvmvEw=="
    },
    "fast-glob": {
      "version": "3.2.12",
      "resolved": "https://registry.npmjs.org/fast-glob/-/fast-glob-3.2.12.tgz",
      "integrity": "sha512-DVj4CQIYYow0BlaelwK1pHl5n5cRSJfM60UA0zK891sVInoPri2Ekj7+e1CT3/3qxXenpI+nBBmQAcJPJgaj4w==",
      "requires": {
        "@nodelib/fs.stat": "^2.0.2",
        "@nodelib/fs.walk": "^1.2.3",
        "glob-parent": "^5.1.2",
        "merge2": "^1.3.0",
        "micromatch": "^4.0.4"
      }
    },
    "fastq": {
      "version": "1.15.0",
      "resolved": "https://registry.npmjs.org/fastq/-/fastq-1.15.0.tgz",
      "integrity": "sha512-wBrocU2LCXXa+lWBt8RoIRD89Fi8OdABODa/kEnyeyjS5aZO5/GNvI5sEINADqP/h8M29UHTHUb53sUu5Ihqdw==",
      "requires": {
        "reusify": "^1.0.4"
      }
    },
    "feather-route-matcher": {
      "version": "4.0.0",
      "resolved": "https://registry.npmjs.org/feather-route-matcher/-/feather-route-matcher-4.0.0.tgz",
      "integrity": "sha512-ZBQx/3pMDnpjJi3zUDEhZ5Mvu+lUsTyWQoKH3tWEb0LysDZmzui0tH0oyMvA8fEWWJtHbvOzOpIWwoOBst/Apw=="
    },
    "fill-range": {
      "version": "7.0.1",
      "resolved": "https://registry.npmjs.org/fill-range/-/fill-range-7.0.1.tgz",
      "integrity": "sha512-qOo9F+dMUmC2Lcb4BbVvnKJxTPjCm+RRpe4gDuGrzkL7mEVl/djYSu2OdQ2Pa302N4oqkSg9ir6jaLWJ2USVpQ==",
      "requires": {
        "to-regex-range": "^5.0.1"
      }
    },
    "glob-parent": {
      "version": "5.1.2",
      "resolved": "https://registry.npmjs.org/glob-parent/-/glob-parent-5.1.2.tgz",
      "integrity": "sha512-AOIgSQCepiJYwP3ARnGx+5VnTu2HBYdzbGP45eLw1vr3zB3vZLeyed1sC9hnbcOc9/SrMyM5RPQrkGz4aS9Zow==",
      "requires": {
        "is-glob": "^4.0.1"
      }
    },
    "iconv-lite": {
      "version": "0.6.3",
      "resolved": "https://registry.npmjs.org/iconv-lite/-/iconv-lite-0.6.3.tgz",
      "integrity": "sha512-4fCk79wshMdzMp2rH06qWrJE4iolqLhCUH+OiuIgU++RB0+94NlDL81atO7GX55uUKueo0txHNtvEyI6D7WdMw==",
      "requires": {
        "safer-buffer": ">= 2.1.2 < 3.0.0"
      }
    },
    "is-extglob": {
      "version": "2.1.1",
      "resolved": "https://registry.npmjs.org/is-extglob/-/is-extglob-2.1.1.tgz",
      "integrity": "sha512-SbKbANkN603Vi4jEZv49LeVJMn4yGwsbzZworEoyEiutsN3nJYdbO36zfhGJ6QEDpOZIFkDtnq5JRxmvl3jsoQ=="
    },
    "is-glob": {
      "version": "4.0.3",
      "resolved": "https://registry.npmjs.org/is-glob/-/is-glob-4.0.3.tgz",
      "integrity": "sha512-xelSayHH36ZgE7ZWhli7pW34hNbNl8Ojv5KVmkJD4hBdD3th8Tfk9vYasLM+mXWOZhFkgZfxhLSnrwRr4elSSg==",
      "requires": {
        "is-extglob": "^2.1.1"
      }
    },
    "is-number": {
      "version": "7.0.0",
      "resolved": "https://registry.npmjs.org/is-number/-/is-number-7.0.0.tgz",
      "integrity": "sha512-41Cifkg6e8TylSpdtTpeLVMqvSBEVzTttHvERD741+pnZ8ANv0004MRL43QKPDlK9cGvNp6NZWZUBlbGXYxxng=="
    },
    "js-tokens": {
      "version": "4.0.0",
      "resolved": "https://registry.npmjs.org/js-tokens/-/js-tokens-4.0.0.tgz",
      "integrity": "sha512-RdJUflcE3cUzKiMqQgsCu06FPu9UdIJO0beYbPhHN4k6apgJtifcoCtT9bcxOpYBtpD2kCM6Sbzg4CausW/PKQ==",
      "optional": true
    },
    "loose-envify": {
      "version": "1.4.0",
      "resolved": "https://registry.npmjs.org/loose-envify/-/loose-envify-1.4.0.tgz",
      "integrity": "sha512-lyuxPGr/Wfhrlem2CL/UcnUc1zcqKAImBDzukY7Y5F/yQiNdko6+fRLevlw1HgMySw7f611UIY408EtxRSoK3Q==",
      "optional": true,
      "requires": {
        "js-tokens": "^3.0.0 || ^4.0.0"
      }
    },
    "merge2": {
      "version": "1.4.1",
      "resolved": "https://registry.npmjs.org/merge2/-/merge2-1.4.1.tgz",
      "integrity": "sha512-8q7VEgMJW4J8tcfVPy8g09NcQwZdbwFEqhe/WZkoIzjn/3TGDwtOCYtXGxA3O8tPzpczCCDgv+P2P5y00ZJOOg=="
    },
    "micromatch": {
      "version": "4.0.5",
      "resolved": "https://registry.npmjs.org/micromatch/-/micromatch-4.0.5.tgz",
      "integrity": "sha512-DMy+ERcEW2q8Z2Po+WNXuw3c5YaUSFjAO5GsJqfEl7UjvtIuFKO6ZrKvcItdy98dwFI2N1tg3zNIdKaQT+aNdA==",
      "requires": {
        "braces": "^3.0.2",
        "picomatch": "^2.3.1"
      }
    },
    "nanoid": {
      "version": "3.3.4",
      "resolved": "https://registry.npmjs.org/nanoid/-/nanoid-3.3.4.tgz",
      "integrity": "sha512-MqBkQh/OHTS2egovRtLk45wEyNXwF+cokD+1YPf9u5VfJiRdAiRwB2froX5Co9Rh20xs4siNPm8naNotSD6RBw==",
      "optional": true
    },
    "next": {
      "version": "13.1.2",
      "resolved": "https://registry.npmjs.org/next/-/next-13.1.2.tgz",
      "integrity": "sha512-Rdnnb2YH///w78FEOR/IQ6TXga+qpth4OqFSem48ng1PYYKr6XBsIk1XVaRcIGM3o6iiHnun0nJvkJHDf+ICyQ==",
      "optional": true,
      "requires": {
        "@next/env": "13.1.2",
        "@next/swc-android-arm-eabi": "13.1.2",
        "@next/swc-android-arm64": "13.1.2",
        "@next/swc-darwin-arm64": "13.1.2",
        "@next/swc-darwin-x64": "13.1.2",
        "@next/swc-freebsd-x64": "13.1.2",
        "@next/swc-linux-arm-gnueabihf": "13.1.2",
        "@next/swc-linux-arm64-gnu": "13.1.2",
        "@next/swc-linux-arm64-musl": "13.1.2",
        "@next/swc-linux-x64-gnu": "13.1.2",
        "@next/swc-linux-x64-musl": "13.1.2",
        "@next/swc-win32-arm64-msvc": "13.1.2",
        "@next/swc-win32-ia32-msvc": "13.1.2",
        "@next/swc-win32-x64-msvc": "13.1.2",
        "@swc/helpers": "0.4.14",
        "caniuse-lite": "^1.0.30001406",
        "postcss": "8.4.14",
        "styled-jsx": "5.1.1"
      },
      "dependencies": {
        "styled-jsx": {
          "version": "5.1.1",
          "resolved": "https://registry.npmjs.org/styled-jsx/-/styled-jsx-5.1.1.tgz",
          "integrity": "sha512-pW7uC1l4mBZ8ugbiZrcIsiIvVx1UmTfw7UkC3Um2tmfUq9Bhk8IiyEIPl6F8agHgjzku6j0xQEZbfA5uSgSaCw==",
          "optional": true,
          "requires": {
            "client-only": "0.0.1"
          }
        }
      }
    },
    "node-fetch": {
      "version": "2.6.7",
      "resolved": "https://registry.npmjs.org/node-fetch/-/node-fetch-2.6.7.tgz",
      "integrity": "sha512-ZjMPFEfVx5j+y2yF35Kzx5sF7kDzxuDj6ziH4FFbOp87zKDZNx8yExJIb05OGF4Nlt9IHFIMBkRl41VdvcNdbQ==",
      "requires": {
        "whatwg-url": "^5.0.0"
      }
    },
    "picocolors": {
      "version": "1.0.0",
      "resolved": "https://registry.npmjs.org/picocolors/-/picocolors-1.0.0.tgz",
      "integrity": "sha512-1fygroTLlHu66zi26VoTDv8yRgm0Fccecssto+MhsZ0D/DGW2sm8E8AjW7NU5VVTRt5GxbeZ5qBuJr+HyLYkjQ==",
      "optional": true
    },
    "picomatch": {
      "version": "2.3.1",
      "resolved": "https://registry.npmjs.org/picomatch/-/picomatch-2.3.1.tgz",
      "integrity": "sha512-JU3teHTNjmE2VCGFzuY8EXzCDVwEqB2a8fsIvwaStHhAWJEeVd1o1QD80CU6+ZdEXXSLbSsuLwJjkCBWqRQUVA=="
    },
    "postcss": {
      "version": "8.4.14",
      "resolved": "https://registry.npmjs.org/postcss/-/postcss-8.4.14.tgz",
      "integrity": "sha512-E398TUmfAYFPBSdzgeieK2Y1+1cpdxJx8yXbK/m57nRhKSmk1GB2tO4lbLBtlkfPQTDKfe4Xqv1ASWPpayPEig==",
      "optional": true,
      "requires": {
        "nanoid": "^3.3.4",
        "picocolors": "^1.0.0",
        "source-map-js": "^1.0.2"
      }
    },
    "queue-microtask": {
      "version": "1.2.3",
      "resolved": "https://registry.npmjs.org/queue-microtask/-/queue-microtask-1.2.3.tgz",
      "integrity": "sha512-NuaNSa6flKT5JaSYQzJok04JzTL1CA6aGhv5rfLW3PgqA+M2ChpZQnAC8h8i4ZFkBS8X5RqkDBHA7r4hej3K9A=="
    },
    "react": {
      "version": "18.2.0",
      "resolved": "https://registry.npmjs.org/react/-/react-18.2.0.tgz",
      "integrity": "sha512-/3IjMdb2L9QbBdWiW5e3P2/npwMBaU9mHCSCUzNln0ZCYbcfTsGbTJrU/kGemdH2IWmB2ioZ+zkxtmq6g09fGQ==",
      "optional": true,
      "requires": {
        "loose-envify": "^1.1.0"
      }
    },
    "reusify": {
      "version": "1.0.4",
      "resolved": "https://registry.npmjs.org/reusify/-/reusify-1.0.4.tgz",
      "integrity": "sha512-U9nH88a3fc/ekCF1l0/UP1IosiuIjyTh7hBvXVMHYgVcfGvt897Xguj2UOLDeI5BG2m7/uwyaLVT6fbtCwTyzw=="
    },
    "run-parallel": {
      "version": "1.2.0",
      "resolved": "https://registry.npmjs.org/run-parallel/-/run-parallel-1.2.0.tgz",
      "integrity": "sha512-5l4VyZR86LZ/lDxZTR6jqL8AFE2S0IFLMP26AbjsLVADxHdhB/c0GUsH+y39UfCi3dzz8OlQuPmnaJOMoDHQBA==",
      "requires": {
        "queue-microtask": "^1.2.2"
      }
    },
    "safer-buffer": {
      "version": "2.1.2",
      "resolved": "https://registry.npmjs.org/safer-buffer/-/safer-buffer-2.1.2.tgz",
      "integrity": "sha512-YZo3K82SD7Riyi0E1EQPojLz7kpepnSQI9IyPbHHg1XXXevb5dJI7tpyN2ADxGcQbHG7vcyRHk0cbwqcQriUtg=="
    },
    "source-map-js": {
      "version": "1.0.2",
      "resolved": "https://registry.npmjs.org/source-map-js/-/source-map-js-1.0.2.tgz",
      "integrity": "sha512-R0XvVJ9WusLiqTCEiGCmICCMplcCkIwwR11mOSD9CR5u+IXYdiseeEuXCVAjS54zqwkLcPNnmU4OeJ6tUrWhDw==",
      "optional": true
    },
    "styled-jsx": {
      "version": "5.1.0",
      "resolved": "https://registry.npmjs.org/styled-jsx/-/styled-jsx-5.1.0.tgz",
      "integrity": "sha512-/iHaRJt9U7T+5tp6TRelLnqBqiaIT0HsO0+vgyj8hK2KUk7aejFqRrumqPUlAqDwAj8IbS/1hk3IhBAAK/FCUQ==",
      "requires": {
        "client-only": "0.0.1"
      }
    },
    "to-regex-range": {
      "version": "5.0.1",
      "resolved": "https://registry.npmjs.org/to-regex-range/-/to-regex-range-5.0.1.tgz",
      "integrity": "sha512-65P7iz6X5yEr1cwcgvQxbbIw7Uk3gOy5dIdtZ4rDveLqhrdJP+Li/Hx6tyK0NEb+2GCyneCMJiGqrADCSNk8sQ==",
      "requires": {
        "is-number": "^7.0.0"
      }
    },
    "tr46": {
      "version": "0.0.3",
      "resolved": "https://registry.npmjs.org/tr46/-/tr46-0.0.3.tgz",
      "integrity": "sha512-N3WMsuqV66lT30CrXNbEjx4GEwlow3v6rr4mCcv6prnfwhS01rkgyFdjPNBYd9br7LpXV1+Emh01fHnq2Gdgrw=="
    },
    "tslib": {
      "version": "2.4.0",
      "resolved": "https://registry.npmjs.org/tslib/-/tslib-2.4.0.tgz",
      "integrity": "sha512-d6xOpEDfsi2CZVlPQzGeux8XMwLT9hssAsaPYExaQMuYskwb+x1x7J371tWlbBdWHroy99KnVB6qIkUbs5X3UQ=="
    },
    "webidl-conversions": {
      "version": "3.0.1",
      "resolved": "https://registry.npmjs.org/webidl-conversions/-/webidl-conversions-3.0.1.tgz",
      "integrity": "sha512-2JAn3z8AR6rjK8Sm8orRC0h/bcl/DqL7tRPdGZ4I1CjdF+EaMLmYxBHyXuKL849eucPFhvBoxMsflfOb8kxaeQ=="
    },
    "webpack-sources": {
      "version": "3.2.3",
      "resolved": "https://registry.npmjs.org/webpack-sources/-/webpack-sources-3.2.3.tgz",
      "integrity": "sha512-/DyMEOrDgLKKIG0fmvtz+4dUX/3Ghozwgm6iPp8KRhvn+eQf9+Q7GWxVNMk3+uCPWfdXYC4ExGBckIXdFEfH1w=="
    },
    "whatwg-url": {
      "version": "5.0.0",
      "resolved": "https://registry.npmjs.org/whatwg-url/-/whatwg-url-5.0.0.tgz",
      "integrity": "sha512-saE57nupxk6v3HY35+jzBwYa0rKSy0XR8JSxZPwgLr7ys0IBzhGviA1/TUGJLmSVqs8pb9AnvICXEuOHLprYTw==",
      "requires": {
        "tr46": "~0.0.3",
        "webidl-conversions": "^3.0.0"
      }
    }
  }
}
